// !$*UTF8*$!
{
	archiveVersion = 1;
	classes = {
	};
	objectVersion = 56;
	objects = {

/* Begin PBXBuildFile section */
		1C7DAFB52C83598F00C323F6 /* BLE_ScannerApp.swift in Sources */ = {isa = PBXBuildFile; fileRef = 1C7DAFB42C83598F00C323F6 /* BLE_ScannerApp.swift */; };
		1C7DAFB72C83598F00C323F6 /* ContentView.swift in Sources */ = {isa = PBXBuildFile; fileRef = 1C7DAFB62C83598F00C323F6 /* ContentView.swift */; };
		1C7DAFB92C83599000C323F6 /* Assets.xcassets in Resources */ = {isa = PBXBuildFile; fileRef = 1C7DAFB82C83599000C323F6 /* Assets.xcassets */; };
		1C7DAFBD2C83599000C323F6 /* Preview Assets.xcassets in Resources */ = {isa = PBXBuildFile; fileRef = 1C7DAFBC2C83599000C323F6 /* Preview Assets.xcassets */; };
		1C7DAFC72C83599000C323F6 /* BLE_ScannerTests.swift in Sources */ = {isa = PBXBuildFile; fileRef = 1C7DAFC62C83599000C323F6 /* BLE_ScannerTests.swift */; };
		1C7DAFD12C83599000C323F6 /* BLE_ScannerUITests.swift in Sources */ = {isa = PBXBuildFile; fileRef = 1C7DAFD02C83599000C323F6 /* BLE_ScannerUITests.swift */; };
		1C7DAFD32C83599000C323F6 /* BLE_ScannerUITestsLaunchTests.swift in Sources */ = {isa = PBXBuildFile; fileRef = 1C7DAFD22C83599000C323F6 /* BLE_ScannerUITestsLaunchTests.swift */; };
/* End PBXBuildFile section */

/* Begin PBXContainerItemProxy section */
		1C7DAFC32C83599000C323F6 /* PBXContainerItemProxy */ = {
			isa = PBXContainerItemProxy;
			containerPortal = 1C7DAFA92C83598F00C323F6 /* Project object */;
			proxyType = 1;
			remoteGlobalIDString = 1C7DAFB02C83598F00C323F6;
			remoteInfo = "BLE Scanner";
		};
		1C7DAFCD2C83599000C323F6 /* PBXContainerItemProxy */ = {
			isa = PBXContainerItemProxy;
			containerPortal = 1C7DAFA92C83598F00C323F6 /* Project object */;
			proxyType = 1;
			remoteGlobalIDString = 1C7DAFB02C83598F00C323F6;
			remoteInfo = "BLE Scanner";
		};
/* End PBXContainerItemProxy section */

/* Begin PBXFileReference section */
		1C7DAFB12C83598F00C323F6 /* BLE Scanner.app */ = {isa = PBXFileReference; explicitFileType = wrapper.application; includeInIndex = 0; path = "BLE Scanner.app"; sourceTree = BUILT_PRODUCTS_DIR; };
		1C7DAFB42C83598F00C323F6 /* BLE_ScannerApp.swift */ = {isa = PBXFileReference; lastKnownFileType = sourcecode.swift; path = BLE_ScannerApp.swift; sourceTree = "<group>"; };
		1C7DAFB62C83598F00C323F6 /* ContentView.swift */ = {isa = PBXFileReference; lastKnownFileType = sourcecode.swift; path = ContentView.swift; sourceTree = "<group>"; };
		1C7DAFB82C83599000C323F6 /* Assets.xcassets */ = {isa = PBXFileReference; lastKnownFileType = folder.assetcatalog; path = Assets.xcassets; sourceTree = "<group>"; };
		1C7DAFBA2C83599000C323F6 /* BLE_Scanner.entitlements */ = {isa = PBXFileReference; lastKnownFileType = text.plist.entitlements; path = BLE_Scanner.entitlements; sourceTree = "<group>"; };
		1C7DAFBC2C83599000C323F6 /* Preview Assets.xcassets */ = {isa = PBXFileReference; lastKnownFileType = folder.assetcatalog; path = "Preview Assets.xcassets"; sourceTree = "<group>"; };
		1C7DAFC22C83599000C323F6 /* BLE ScannerTests.xctest */ = {isa = PBXFileReference; explicitFileType = wrapper.cfbundle; includeInIndex = 0; path = "BLE ScannerTests.xctest"; sourceTree = BUILT_PRODUCTS_DIR; };
		1C7DAFC62C83599000C323F6 /* BLE_ScannerTests.swift */ = {isa = PBXFileReference; lastKnownFileType = sourcecode.swift; path = BLE_ScannerTests.swift; sourceTree = "<group>"; };
		1C7DAFCC2C83599000C323F6 /* BLE ScannerUITests.xctest */ = {isa = PBXFileReference; explicitFileType = wrapper.cfbundle; includeInIndex = 0; path = "BLE ScannerUITests.xctest"; sourceTree = BUILT_PRODUCTS_DIR; };
		1C7DAFD02C83599000C323F6 /* BLE_ScannerUITests.swift */ = {isa = PBXFileReference; lastKnownFileType = sourcecode.swift; path = BLE_ScannerUITests.swift; sourceTree = "<group>"; };
		1C7DAFD22C83599000C323F6 /* BLE_ScannerUITestsLaunchTests.swift */ = {isa = PBXFileReference; lastKnownFileType = sourcecode.swift; path = BLE_ScannerUITestsLaunchTests.swift; sourceTree = "<group>"; };
/* End PBXFileReference section */

/* Begin PBXFrameworksBuildPhase section */
		1C7DAFAE2C83598F00C323F6 /* Frameworks */ = {
			isa = PBXFrameworksBuildPhase;
			buildActionMask = 2147483647;
			files = (
			);
			runOnlyForDeploymentPostprocessing = 0;
		};
		1C7DAFBF2C83599000C323F6 /* Frameworks */ = {
			isa = PBXFrameworksBuildPhase;
			buildActionMask = 2147483647;
			files = (
			);
			runOnlyForDeploymentPostprocessing = 0;
		};
		1C7DAFC92C83599000C323F6 /* Frameworks */ = {
			isa = PBXFrameworksBuildPhase;
			buildActionMask = 2147483647;
			files = (
			);
			runOnlyForDeploymentPostprocessing = 0;
		};
/* End PBXFrameworksBuildPhase section */

/* Begin PBXGroup section */
		1C7DAFA82C83598F00C323F6 = {
			isa = PBXGroup;
			children = (
				1C7DAFB32C83598F00C323F6 /* BLE Scanner */,
				1C7DAFC52C83599000C323F6 /* BLE ScannerTests */,
				1C7DAFCF2C83599000C323F6 /* BLE ScannerUITests */,
				1C7DAFB22C83598F00C323F6 /* Products */,
			);
			sourceTree = "<group>";
		};
		1C7DAFB22C83598F00C323F6 /* Products */ = {
			isa = PBXGroup;
			children = (
				1C7DAFB12C83598F00C323F6 /* BLE Scanner.app */,
				1C7DAFC22C83599000C323F6 /* BLE ScannerTests.xctest */,
				1C7DAFCC2C83599000C323F6 /* BLE ScannerUITests.xctest */,
			);
			name = Products;
			sourceTree = "<group>";
		};
		1C7DAFB32C83598F00C323F6 /* BLE Scanner */ = {
			isa = PBXGroup;
			children = (
				1C7DAFB42C83598F00C323F6 /* BLE_ScannerApp.swift */,
				1C7DAFB62C83598F00C323F6 /* ContentView.swift */,
				1C7DAFB82C83599000C323F6 /* Assets.xcassets */,
				1C7DAFBA2C83599000C323F6 /* BLE_Scanner.entitlements */,
				1C7DAFBB2C83599000C323F6 /* Preview Content */,
			);
			path = "BLE Scanner";
			sourceTree = "<group>";
		};
		1C7DAFBB2C83599000C323F6 /* Preview Content */ = {
			isa = PBXGroup;
			children = (
				1C7DAFBC2C83599000C323F6 /* Preview Assets.xcassets */,
			);
			path = "Preview Content";
			sourceTree = "<group>";
		};
		1C7DAFC52C83599000C323F6 /* BLE ScannerTests */ = {
			isa = PBXGroup;
			children = (
				1C7DAFC62C83599000C323F6 /* BLE_ScannerTests.swift */,
			);
			path = "BLE ScannerTests";
			sourceTree = "<group>";
		};
		1C7DAFCF2C83599000C323F6 /* BLE ScannerUITests */ = {
			isa = PBXGroup;
			children = (
				1C7DAFD02C83599000C323F6 /* BLE_ScannerUITests.swift */,
				1C7DAFD22C83599000C323F6 /* BLE_ScannerUITestsLaunchTests.swift */,
			);
			path = "BLE ScannerUITests";
			sourceTree = "<group>";
		};
/* End PBXGroup section */

/* Begin PBXNativeTarget section */
		1C7DAFB02C83598F00C323F6 /* BLE Scanner */ = {
			isa = PBXNativeTarget;
			buildConfigurationList = 1C7DAFD62C83599000C323F6 /* Build configuration list for PBXNativeTarget "BLE Scanner" */;
			buildPhases = (
				1C7DAFAD2C83598F00C323F6 /* Sources */,
				1C7DAFAE2C83598F00C323F6 /* Frameworks */,
				1C7DAFAF2C83598F00C323F6 /* Resources */,
			);
			buildRules = (
			);
			dependencies = (
			);
			name = "BLE Scanner";
			productName = "BLE Scanner";
			productReference = 1C7DAFB12C83598F00C323F6 /* BLE Scanner.app */;
			productType = "com.apple.product-type.application";
		};
		1C7DAFC12C83599000C323F6 /* BLE ScannerTests */ = {
			isa = PBXNativeTarget;
			buildConfigurationList = 1C7DAFD92C83599000C323F6 /* Build configuration list for PBXNativeTarget "BLE ScannerTests" */;
			buildPhases = (
				1C7DAFBE2C83599000C323F6 /* Sources */,
				1C7DAFBF2C83599000C323F6 /* Frameworks */,
				1C7DAFC02C83599000C323F6 /* Resources */,
			);
			buildRules = (
			);
			dependencies = (
				1C7DAFC42C83599000C323F6 /* PBXTargetDependency */,
			);
			name = "BLE ScannerTests";
			productName = "BLE ScannerTests";
			productReference = 1C7DAFC22C83599000C323F6 /* BLE ScannerTests.xctest */;
			productType = "com.apple.product-type.bundle.unit-test";
		};
		1C7DAFCB2C83599000C323F6 /* BLE ScannerUITests */ = {
			isa = PBXNativeTarget;
			buildConfigurationList = 1C7DAFDC2C83599000C323F6 /* Build configuration list for PBXNativeTarget "BLE ScannerUITests" */;
			buildPhases = (
				1C7DAFC82C83599000C323F6 /* Sources */,
				1C7DAFC92C83599000C323F6 /* Frameworks */,
				1C7DAFCA2C83599000C323F6 /* Resources */,
			);
			buildRules = (
			);
			dependencies = (
				1C7DAFCE2C83599000C323F6 /* PBXTargetDependency */,
			);
			name = "BLE ScannerUITests";
			productName = "BLE ScannerUITests";
			productReference = 1C7DAFCC2C83599000C323F6 /* BLE ScannerUITests.xctest */;
			productType = "com.apple.product-type.bundle.ui-testing";
		};
/* End PBXNativeTarget section */

/* Begin PBXProject section */
		1C7DAFA92C83598F00C323F6 /* Project object */ = {
			isa = PBXProject;
			attributes = {
				BuildIndependentTargetsInParallel = 1;
				LastSwiftUpdateCheck = 1540;
				LastUpgradeCheck = 1540;
				TargetAttributes = {
					1C7DAFB02C83598F00C323F6 = {
						CreatedOnToolsVersion = 15.4;
					};
					1C7DAFC12C83599000C323F6 = {
						CreatedOnToolsVersion = 15.4;
						TestTargetID = 1C7DAFB02C83598F00C323F6;
					};
					1C7DAFCB2C83599000C323F6 = {
						CreatedOnToolsVersion = 15.4;
						TestTargetID = 1C7DAFB02C83598F00C323F6;
					};
				};
			};
			buildConfigurationList = 1C7DAFAC2C83598F00C323F6 /* Build configuration list for PBXProject "BLE Scanner" */;
			compatibilityVersion = "Xcode 14.0";
			developmentRegion = en;
			hasScannedForEncodings = 0;
			knownRegions = (
				en,
				Base,
			);
			mainGroup = 1C7DAFA82C83598F00C323F6;
			productRefGroup = 1C7DAFB22C83598F00C323F6 /* Products */;
			projectDirPath = "";
			projectRoot = "";
			targets = (
				1C7DAFB02C83598F00C323F6 /* BLE Scanner */,
				1C7DAFC12C83599000C323F6 /* BLE ScannerTests */,
				1C7DAFCB2C83599000C323F6 /* BLE ScannerUITests */,
			);
		};
/* End PBXProject section */

/* Begin PBXResourcesBuildPhase section */
		1C7DAFAF2C83598F00C323F6 /* Resources */ = {
			isa = PBXResourcesBuildPhase;
			buildActionMask = 2147483647;
			files = (
				1C7DAFBD2C83599000C323F6 /* Preview Assets.xcassets in Resources */,
				1C7DAFB92C83599000C323F6 /* Assets.xcassets in Resources */,
			);
			runOnlyForDeploymentPostprocessing = 0;
		};
		1C7DAFC02C83599000C323F6 /* Resources */ = {
			isa = PBXResourcesBuildPhase;
			buildActionMask = 2147483647;
			files = (
			);
			runOnlyForDeploymentPostprocessing = 0;
		};
		1C7DAFCA2C83599000C323F6 /* Resources */ = {
			isa = PBXResourcesBuildPhase;
			buildActionMask = 2147483647;
			files = (
			);
			runOnlyForDeploymentPostprocessing = 0;
		};
/* End PBXResourcesBuildPhase section */

/* Begin PBXSourcesBuildPhase section */
		1C7DAFAD2C83598F00C323F6 /* Sources */ = {
			isa = PBXSourcesBuildPhase;
			buildActionMask = 2147483647;
			files = (
				1C7DAFB72C83598F00C323F6 /* ContentView.swift in Sources */,
				1C7DAFB52C83598F00C323F6 /* BLE_ScannerApp.swift in Sources */,
			);
			runOnlyForDeploymentPostprocessing = 0;
		};
		1C7DAFBE2C83599000C323F6 /* Sources */ = {
			isa = PBXSourcesBuildPhase;
			buildActionMask = 2147483647;
			files = (
				1C7DAFC72C83599000C323F6 /* BLE_ScannerTests.swift in Sources */,
			);
			runOnlyForDeploymentPostprocessing = 0;
		};
		1C7DAFC82C83599000C323F6 /* Sources */ = {
			isa = PBXSourcesBuildPhase;
			buildActionMask = 2147483647;
			files = (
				1C7DAFD12C83599000C323F6 /* BLE_ScannerUITests.swift in Sources */,
				1C7DAFD32C83599000C323F6 /* BLE_ScannerUITestsLaunchTests.swift in Sources */,
			);
			runOnlyForDeploymentPostprocessing = 0;
		};
/* End PBXSourcesBuildPhase section */

/* Begin PBXTargetDependency section */
		1C7DAFC42C83599000C323F6 /* PBXTargetDependency */ = {
			isa = PBXTargetDependency;
			target = 1C7DAFB02C83598F00C323F6 /* BLE Scanner */;
			targetProxy = 1C7DAFC32C83599000C323F6 /* PBXContainerItemProxy */;
		};
		1C7DAFCE2C83599000C323F6 /* PBXTargetDependency */ = {
			isa = PBXTargetDependency;
			target = 1C7DAFB02C83598F00C323F6 /* BLE Scanner */;
			targetProxy = 1C7DAFCD2C83599000C323F6 /* PBXContainerItemProxy */;
		};
/* End PBXTargetDependency section */

/* Begin XCBuildConfiguration section */
		1C7DAFD42C83599000C323F6 /* Debug */ = {
			isa = XCBuildConfiguration;
			buildSettings = {
				ALWAYS_SEARCH_USER_PATHS = NO;
				ASSETCATALOG_COMPILER_GENERATE_SWIFT_ASSET_SYMBOL_EXTENSIONS = YES;
				CLANG_ANALYZER_NONNULL = YES;
				CLANG_ANALYZER_NUMBER_OBJECT_CONVERSION = YES_AGGRESSIVE;
				CLANG_CXX_LANGUAGE_STANDARD = "gnu++20";
				CLANG_ENABLE_MODULES = YES;
				CLANG_ENABLE_OBJC_ARC = YES;
				CLANG_ENABLE_OBJC_WEAK = YES;
				CLANG_WARN_BLOCK_CAPTURE_AUTORELEASING = YES;
				CLANG_WARN_BOOL_CONVERSION = YES;
				CLANG_WARN_COMMA = YES;
				CLANG_WARN_CONSTANT_CONVERSION = YES;
				CLANG_WARN_DEPRECATED_OBJC_IMPLEMENTATIONS = YES;
				CLANG_WARN_DIRECT_OBJC_ISA_USAGE = YES_ERROR;
				CLANG_WARN_DOCUMENTATION_COMMENTS = YES;
				CLANG_WARN_EMPTY_BODY = YES;
				CLANG_WARN_ENUM_CONVERSION = YES;
				CLANG_WARN_INFINITE_RECURSION = YES;
				CLANG_WARN_INT_CONVERSION = YES;
				CLANG_WARN_NON_LITERAL_NULL_CONVERSION = YES;
				CLANG_WARN_OBJC_IMPLICIT_RETAIN_SELF = YES;
				CLANG_WARN_OBJC_LITERAL_CONVERSION = YES;
				CLANG_WARN_OBJC_ROOT_CLASS = YES_ERROR;
				CLANG_WARN_QUOTED_INCLUDE_IN_FRAMEWORK_HEADER = YES;
				CLANG_WARN_RANGE_LOOP_ANALYSIS = YES;
				CLANG_WARN_STRICT_PROTOTYPES = YES;
				CLANG_WARN_SUSPICIOUS_MOVE = YES;
				CLANG_WARN_UNGUARDED_AVAILABILITY = YES_AGGRESSIVE;
				CLANG_WARN_UNREACHABLE_CODE = YES;
				CLANG_WARN__DUPLICATE_METHOD_MATCH = YES;
				COPY_PHASE_STRIP = NO;
				DEBUG_INFORMATION_FORMAT = dwarf;
				ENABLE_STRICT_OBJC_MSGSEND = YES;
				ENABLE_TESTABILITY = YES;
				ENABLE_USER_SCRIPT_SANDBOXING = YES;
				GCC_C_LANGUAGE_STANDARD = gnu17;
				GCC_DYNAMIC_NO_PIC = NO;
				GCC_NO_COMMON_BLOCKS = YES;
				GCC_OPTIMIZATION_LEVEL = 0;
				GCC_PREPROCESSOR_DEFINITIONS = (
					"DEBUG=1",
					"$(inherited)",
				);
				GCC_WARN_64_TO_32_BIT_CONVERSION = YES;
				GCC_WARN_ABOUT_RETURN_TYPE = YES_ERROR;
				GCC_WARN_UNDECLARED_SELECTOR = YES;
				GCC_WARN_UNINITIALIZED_AUTOS = YES_AGGRESSIVE;
				GCC_WARN_UNUSED_FUNCTION = YES;
				GCC_WARN_UNUSED_VARIABLE = YES;
				LOCALIZATION_PREFERS_STRING_CATALOGS = YES;
				MTL_ENABLE_DEBUG_INFO = INCLUDE_SOURCE;
				MTL_FAST_MATH = YES;
				ONLY_ACTIVE_ARCH = YES;
				SWIFT_ACTIVE_COMPILATION_CONDITIONS = "DEBUG $(inherited)";
				SWIFT_OPTIMIZATION_LEVEL = "-Onone";
			};
			name = Debug;
		};
		1C7DAFD52C83599000C323F6 /* Release */ = {
			isa = XCBuildConfiguration;
			buildSettings = {
				ALWAYS_SEARCH_USER_PATHS = NO;
				ASSETCATALOG_COMPILER_GENERATE_SWIFT_ASSET_SYMBOL_EXTENSIONS = YES;
				CLANG_ANALYZER_NONNULL = YES;
				CLANG_ANALYZER_NUMBER_OBJECT_CONVERSION = YES_AGGRESSIVE;
				CLANG_CXX_LANGUAGE_STANDARD = "gnu++20";
				CLANG_ENABLE_MODULES = YES;
				CLANG_ENABLE_OBJC_ARC = YES;
				CLANG_ENABLE_OBJC_WEAK = YES;
				CLANG_WARN_BLOCK_CAPTURE_AUTORELEASING = YES;
				CLANG_WARN_BOOL_CONVERSION = YES;
				CLANG_WARN_COMMA = YES;
				CLANG_WARN_CONSTANT_CONVERSION = YES;
				CLANG_WARN_DEPRECATED_OBJC_IMPLEMENTATIONS = YES;
				CLANG_WARN_DIRECT_OBJC_ISA_USAGE = YES_ERROR;
				CLANG_WARN_DOCUMENTATION_COMMENTS = YES;
				CLANG_WARN_EMPTY_BODY = YES;
				CLANG_WARN_ENUM_CONVERSION = YES;
				CLANG_WARN_INFINITE_RECURSION = YES;
				CLANG_WARN_INT_CONVERSION = YES;
				CLANG_WARN_NON_LITERAL_NULL_CONVERSION = YES;
				CLANG_WARN_OBJC_IMPLICIT_RETAIN_SELF = YES;
				CLANG_WARN_OBJC_LITERAL_CONVERSION = YES;
				CLANG_WARN_OBJC_ROOT_CLASS = YES_ERROR;
				CLANG_WARN_QUOTED_INCLUDE_IN_FRAMEWORK_HEADER = YES;
				CLANG_WARN_RANGE_LOOP_ANALYSIS = YES;
				CLANG_WARN_STRICT_PROTOTYPES = YES;
				CLANG_WARN_SUSPICIOUS_MOVE = YES;
				CLANG_WARN_UNGUARDED_AVAILABILITY = YES_AGGRESSIVE;
				CLANG_WARN_UNREACHABLE_CODE = YES;
				CLANG_WARN__DUPLICATE_METHOD_MATCH = YES;
				COPY_PHASE_STRIP = NO;
				DEBUG_INFORMATION_FORMAT = "dwarf-with-dsym";
				ENABLE_NS_ASSERTIONS = NO;
				ENABLE_STRICT_OBJC_MSGSEND = YES;
				ENABLE_USER_SCRIPT_SANDBOXING = YES;
				GCC_C_LANGUAGE_STANDARD = gnu17;
				GCC_NO_COMMON_BLOCKS = YES;
				GCC_WARN_64_TO_32_BIT_CONVERSION = YES;
				GCC_WARN_ABOUT_RETURN_TYPE = YES_ERROR;
				GCC_WARN_UNDECLARED_SELECTOR = YES;
				GCC_WARN_UNINITIALIZED_AUTOS = YES_AGGRESSIVE;
				GCC_WARN_UNUSED_FUNCTION = YES;
				GCC_WARN_UNUSED_VARIABLE = YES;
				LOCALIZATION_PREFERS_STRING_CATALOGS = YES;
				MTL_ENABLE_DEBUG_INFO = NO;
				MTL_FAST_MATH = YES;
				SWIFT_COMPILATION_MODE = wholemodule;
			};
			name = Release;
		};
		1C7DAFD72C83599000C323F6 /* Debug */ = {
			isa = XCBuildConfiguration;
			buildSettings = {
				ASSETCATALOG_COMPILER_APPICON_NAME = AppIcon;
				ASSETCATALOG_COMPILER_GLOBAL_ACCENT_COLOR_NAME = AccentColor;
				CODE_SIGN_ENTITLEMENTS = "BLE Scanner/BLE_Scanner.entitlements";
				"CODE_SIGN_IDENTITY[sdk=macosx*]" = "Apple Development";
				CODE_SIGN_STYLE = Automatic;
				CURRENT_PROJECT_VERSION = 1;
				DEVELOPMENT_ASSET_PATHS = "\"BLE Scanner/Preview Content\"";
				DEVELOPMENT_TEAM = 84H78U5829;
				ENABLE_PREVIEWS = YES;
				GENERATE_INFOPLIST_FILE = YES;
				"INFOPLIST_KEY_UIApplicationSceneManifest_Generation[sdk=iphoneos*]" = YES;
				"INFOPLIST_KEY_UIApplicationSceneManifest_Generation[sdk=iphonesimulator*]" = YES;
				"INFOPLIST_KEY_UIApplicationSupportsIndirectInputEvents[sdk=iphoneos*]" = YES;
				"INFOPLIST_KEY_UIApplicationSupportsIndirectInputEvents[sdk=iphonesimulator*]" = YES;
				"INFOPLIST_KEY_UILaunchScreen_Generation[sdk=iphoneos*]" = YES;
				"INFOPLIST_KEY_UILaunchScreen_Generation[sdk=iphonesimulator*]" = YES;
				"INFOPLIST_KEY_UIStatusBarStyle[sdk=iphoneos*]" = UIStatusBarStyleDefault;
				"INFOPLIST_KEY_UIStatusBarStyle[sdk=iphonesimulator*]" = UIStatusBarStyleDefault;
				INFOPLIST_KEY_UISupportedInterfaceOrientations_iPad = "UIInterfaceOrientationPortrait UIInterfaceOrientationPortraitUpsideDown UIInterfaceOrientationLandscapeLeft UIInterfaceOrientationLandscapeRight";
				INFOPLIST_KEY_UISupportedInterfaceOrientations_iPhone = "UIInterfaceOrientationPortrait UIInterfaceOrientationLandscapeLeft UIInterfaceOrientationLandscapeRight";
				IPHONEOS_DEPLOYMENT_TARGET = 17.5;
				LD_RUNPATH_SEARCH_PATHS = "@executable_path/Frameworks";
				"LD_RUNPATH_SEARCH_PATHS[sdk=macosx*]" = "@executable_path/../Frameworks";
				MACOSX_DEPLOYMENT_TARGET = 14.5;
				MARKETING_VERSION = 1.0;
				PRODUCT_BUNDLE_IDENTIFIER = "jrottner.BLE-Scanner";
				PRODUCT_NAME = "$(TARGET_NAME)";
				SDKROOT = auto;
				SUPPORTED_PLATFORMS = macosx;
				SWIFT_EMIT_LOC_STRINGS = YES;
				SWIFT_VERSION = 5.0;
				TARGETED_DEVICE_FAMILY = "1,2";
			};
			name = Debug;
		};
		1C7DAFD82C83599000C323F6 /* Release */ = {
			isa = XCBuildConfiguration;
			buildSettings = {
				ASSETCATALOG_COMPILER_APPICON_NAME = AppIcon;
				ASSETCATALOG_COMPILER_GLOBAL_ACCENT_COLOR_NAME = AccentColor;
				CODE_SIGN_ENTITLEMENTS = "BLE Scanner/BLE_Scanner.entitlements";
				"CODE_SIGN_IDENTITY[sdk=macosx*]" = "Apple Development";
				CODE_SIGN_STYLE = Automatic;
				CURRENT_PROJECT_VERSION = 1;
				DEVELOPMENT_ASSET_PATHS = "\"BLE Scanner/Preview Content\"";
				DEVELOPMENT_TEAM = 84H78U5829;
				ENABLE_PREVIEWS = YES;
				GENERATE_INFOPLIST_FILE = YES;
				"INFOPLIST_KEY_UIApplicationSceneManifest_Generation[sdk=iphoneos*]" = YES;
				"INFOPLIST_KEY_UIApplicationSceneManifest_Generation[sdk=iphonesimulator*]" = YES;
				"INFOPLIST_KEY_UIApplicationSupportsIndirectInputEvents[sdk=iphoneos*]" = YES;
				"INFOPLIST_KEY_UIApplicationSupportsIndirectInputEvents[sdk=iphonesimulator*]" = YES;
				"INFOPLIST_KEY_UILaunchScreen_Generation[sdk=iphoneos*]" = YES;
				"INFOPLIST_KEY_UILaunchScreen_Generation[sdk=iphonesimulator*]" = YES;
				"INFOPLIST_KEY_UIStatusBarStyle[sdk=iphoneos*]" = UIStatusBarStyleDefault;
				"INFOPLIST_KEY_UIStatusBarStyle[sdk=iphonesimulator*]" = UIStatusBarStyleDefault;
				INFOPLIST_KEY_UISupportedInterfaceOrientations_iPad = "UIInterfaceOrientationPortrait UIInterfaceOrientationPortraitUpsideDown UIInterfaceOrientationLandscapeLeft UIInterfaceOrientationLandscapeRight";
				INFOPLIST_KEY_UISupportedInterfaceOrientations_iPhone = "UIInterfaceOrientationPortrait UIInterfaceOrientationLandscapeLeft UIInterfaceOrientationLandscapeRight";
				IPHONEOS_DEPLOYMENT_TARGET = 17.5;
				LD_RUNPATH_SEARCH_PATHS = "@executable_path/Frameworks";
				"LD_RUNPATH_SEARCH_PATHS[sdk=macosx*]" = "@executable_path/../Frameworks";
				MACOSX_DEPLOYMENT_TARGET = 14.5;
				MARKETING_VERSION = 1.0;
				PRODUCT_BUNDLE_IDENTIFIER = "jrottner.BLE-Scanner";
				PRODUCT_NAME = "$(TARGET_NAME)";
				SDKROOT = auto;
				SUPPORTED_PLATFORMS = macosx;
				SWIFT_EMIT_LOC_STRINGS = YES;
				SWIFT_VERSION = 5.0;
				TARGETED_DEVICE_FAMILY = "1,2";
			};
			name = Release;
		};
		1C7DAFDA2C83599000C323F6 /* Debug */ = {
			isa = XCBuildConfiguration;
			buildSettings = {
				ALWAYS_EMBED_SWIFT_STANDARD_LIBRARIES = YES;
				BUNDLE_LOADER = "$(TEST_HOST)";
				CODE_SIGN_STYLE = Automatic;
				CURRENT_PROJECT_VERSION = 1;
				GENERATE_INFOPLIST_FILE = YES;
				IPHONEOS_DEPLOYMENT_TARGET = 17.5;
				MACOSX_DEPLOYMENT_TARGET = 14.5;
				MARKETING_VERSION = 1.0;
				PRODUCT_BUNDLE_IDENTIFIER = "jrottner.BLE-ScannerTests";
				PRODUCT_NAME = "$(TARGET_NAME)";
				SDKROOT = auto;
				SUPPORTED_PLATFORMS = "iphoneos iphonesimulator macosx";
				SWIFT_EMIT_LOC_STRINGS = NO;
				SWIFT_VERSION = 5.0;
				TARGETED_DEVICE_FAMILY = "1,2";
				TEST_HOST = "$(BUILT_PRODUCTS_DIR)/BLE Scanner.app/$(BUNDLE_EXECUTABLE_FOLDER_PATH)/BLE Scanner";
			};
			name = Debug;
		};
		1C7DAFDB2C83599000C323F6 /* Release */ = {
			isa = XCBuildConfiguration;
			buildSettings = {
				ALWAYS_EMBED_SWIFT_STANDARD_LIBRARIES = YES;
				BUNDLE_LOADER = "$(TEST_HOST)";
				CODE_SIGN_STYLE = Automatic;
				CURRENT_PROJECT_VERSION = 1;
				GENERATE_INFOPLIST_FILE = YES;
				IPHONEOS_DEPLOYMENT_TARGET = 17.5;
				MACOSX_DEPLOYMENT_TARGET = 14.5;
				MARKETING_VERSION = 1.0;
				PRODUCT_BUNDLE_IDENTIFIER = "jrottner.BLE-ScannerTests";
				PRODUCT_NAME = "$(TARGET_NAME)";
				SDKROOT = auto;
				SUPPORTED_PLATFORMS = "iphoneos iphonesimulator macosx";
				SWIFT_EMIT_LOC_STRINGS = NO;
				SWIFT_VERSION = 5.0;
				TARGETED_DEVICE_FAMILY = "1,2";
				TEST_HOST = "$(BUILT_PRODUCTS_DIR)/BLE Scanner.app/$(BUNDLE_EXECUTABLE_FOLDER_PATH)/BLE Scanner";
			};
			name = Release;
		};
		1C7DAFDD2C83599000C323F6 /* Debug */ = {
			isa = XCBuildConfiguration;
			buildSettings = {
				ALWAYS_EMBED_SWIFT_STANDARD_LIBRARIES = YES;
				CODE_SIGN_STYLE = Automatic;
				CURRENT_PROJECT_VERSION = 1;
				GENERATE_INFOPLIST_FILE = YES;
				IPHONEOS_DEPLOYMENT_TARGET = 17.5;
				MACOSX_DEPLOYMENT_TARGET = 14.5;
				MARKETING_VERSION = 1.0;
				PRODUCT_BUNDLE_IDENTIFIER = "jrottner.BLE-ScannerUITests";
				PRODUCT_NAME = "$(TARGET_NAME)";
				SDKROOT = auto;
				SUPPORTED_PLATFORMS = "iphoneos iphonesimulator macosx";
				SWIFT_EMIT_LOC_STRINGS = NO;
				SWIFT_VERSION = 5.0;
				TARGETED_DEVICE_FAMILY = "1,2";
				TEST_TARGET_NAME = "BLE Scanner";
			};
			name = Debug;
		};
		1C7DAFDE2C83599000C323F6 /* Release */ = {
			isa = XCBuildConfiguration;
			buildSettings = {
				ALWAYS_EMBED_SWIFT_STANDARD_LIBRARIES = YES;
				CODE_SIGN_STYLE = Automatic;
				CURRENT_PROJECT_VERSION = 1;
				GENERATE_INFOPLIST_FILE = YES;
				IPHONEOS_DEPLOYMENT_TARGET = 17.5;
				MACOSX_DEPLOYMENT_TARGET = 14.5;
				MARKETING_VERSION = 1.0;
				PRODUCT_BUNDLE_IDENTIFIER = "jrottner.BLE-ScannerUITests";
				PRODUCT_NAME = "$(TARGET_NAME)";
				SDKROOT = auto;
				SUPPORTED_PLATFORMS = "iphoneos iphonesimulator macosx";
				SWIFT_EMIT_LOC_STRINGS = NO;
				SWIFT_VERSION = 5.0;
				TARGETED_DEVICE_FAMILY = "1,2";
				TEST_TARGET_NAME = "BLE Scanner";
			};
			name = Release;
		};
/* End XCBuildConfiguration section */

/* Begin XCConfigurationList section */
		1C7DAFAC2C83598F00C323F6 /* Build configuration list for PBXProject "BLE Scanner" */ = {
			isa = XCConfigurationList;
			buildConfigurations = (
				1C7DAFD42C83599000C323F6 /* Debug */,
				1C7DAFD52C83599000C323F6 /* Release */,
			);
			defaultConfigurationIsVisible = 0;
			defaultConfigurationName = Release;
		};
		1C7DAFD62C83599000C323F6 /* Build configuration list for PBXNativeTarget "BLE Scanner" */ = {
			isa = XCConfigurationList;
			buildConfigurations = (
				1C7DAFD72C83599000C323F6 /* Debug */,
				1C7DAFD82C83599000C323F6 /* Release */,
			);
			defaultConfigurationIsVisible = 0;
			defaultConfigurationName = Release;
		};
		1C7DAFD92C83599000C323F6 /* Build configuration list for PBXNativeTarget "BLE ScannerTests" */ = {
			isa = XCConfigurationList;
			buildConfigurations = (
				1C7DAFDA2C83599000C323F6 /* Debug */,
				1C7DAFDB2C83599000C323F6 /* Release */,
			);
			defaultConfigurationIsVisible = 0;
			defaultConfigurationName = Release;
		};
		1C7DAFDC2C83599000C323F6 /* Build configuration list for PBXNativeTarget "BLE ScannerUITests" */ = {
			isa = XCConfigurationList;
			buildConfigurations = (
				1C7DAFDD2C83599000C323F6 /* Debug */,
				1C7DAFDE2C83599000C323F6 /* Release */,
			);
			defaultConfigurationIsVisible = 0;
			defaultConfigurationName = Release;
		};
/* End XCConfigurationList section */
	};
	rootObject = 1C7DAFA92C83598F00C323F6 /* Project object */;
}
